// !$*UTF8*$!
{
	archiveVersion = 1;
	classes = {
	};
	objectVersion = 77;
	objects = {

/* Begin PBXBuildFile section */
		29EE7CF02F72FF5800C6FEE0 /* FirebaseAnalytics in Frameworks */ = {isa = PBXBuildFile; productRef = 29EE7CEF2F72FF5800C6FEE0 /* FirebaseAnalytics */; };
		29EE7CF22F72FF5800C6FEE0 /* FirebaseAnalyticsCore in Frameworks */ = {isa = PBXBuildFile; productRef = 29EE7CF12F72FF5800C6FEE0 /* FirebaseAnalyticsCore */; };
		29EE7CF42F72FF5800C6FEE0 /* FirebaseAuth in Frameworks */ = {isa = PBXBuildFile; productRef = 29EE7CF32F72FF5800C6FEE0 /* FirebaseAuth */; };
		29EE7CF62F72FF5800C6FEE0 /* FirebaseAuthCombine-Community in Frameworks */ = {isa = PBXBuildFile; productRef = 29EE7CF52F72FF5800C6FEE0 /* FirebaseAuthCombine-Community */; };
		29EE7CF82F72FF5800C6FEE0 /* FirebaseCore in Frameworks */ = {isa = PBXBuildFile; productRef = 29EE7CF72F72FF5800C6FEE0 /* FirebaseCore */; };
		29EE7CFA2F72FF5800C6FEE0 /* FirebaseDatabase in Frameworks */ = {isa = PBXBuildFile; productRef = 29EE7CF92F72FF5800C6FEE0 /* FirebaseDatabase */; };
		29EE7CFC2F72FF5800C6FEE0 /* FirebaseFunctions in Frameworks */ = {isa = PBXBuildFile; productRef = 29EE7CFB2F72FF5800C6FEE0 /* FirebaseFunctions */; };
		29EE7CFE2F72FF5800C6FEE0 /* FirebaseStorage in Frameworks */ = {isa = PBXBuildFile; productRef = 29EE7CFD2F72FF5800C6FEE0 /* FirebaseStorage */; };
		29EE7D002F72FF5800C6FEE0 /* FirebaseStorageCombine-Community in Frameworks */ = {isa = PBXBuildFile; productRef = 29EE7CFF2F72FF5800C6FEE0 /* FirebaseStorageCombine-Community */; };
		29EE7D032F72FFF900C6FEE0 /* GoogleSignIn in Frameworks */ = {isa = PBXBuildFile; productRef = 29EE7D022F72FFF900C6FEE0 /* GoogleSignIn */; };
		29EE7D052F72FFF900C6FEE0 /* GoogleSignInSwift in Frameworks */ = {isa = PBXBuildFile; productRef = 29EE7D042F72FFF900C6FEE0 /* GoogleSignInSwift */; };
		31AA00012F90000100C6FEE0 /* Lottie in Frameworks */ = {isa = PBXBuildFile; productRef = 31AA00032F90000100C6FEE0 /* Lottie */; };
/* End PBXBuildFile section */

/* Begin PBXFileReference section */
		2952BE922EC1395900797168 /* Envision.app */ = {isa = PBXFileReference; explicitFileType = wrapper.application; includeInIndex = 0; path = Envision.app; sourceTree = BUILT_PRODUCTS_DIR; };
/* End PBXFileReference section */

/* Begin PBXFileSystemSynchronizedBuildFileExceptionSet section */
		2952BEA42EC1395B00797168 /* Exceptions for "Envision" folder in "Envision" target */ = {
			isa = PBXFileSystemSynchronizedBuildFileExceptionSet;
			membershipExceptions = (
				Info.plist,
			);
			target = 2952BE912EC1395900797168 /* Envision */;
		};
/* End PBXFileSystemSynchronizedBuildFileExceptionSet section */

/* Begin PBXFileSystemSynchronizedRootGroup section */
		2952BE942EC1395900797168 /* Envision */ = {
			isa = PBXFileSystemSynchronizedRootGroup;
			exceptions = (
				2952BEA42EC1395B00797168 /* Exceptions for "Envision" folder in "Envision" target */,
			);
			path = Envision;
			sourceTree = "<group>";
		};
/* End PBXFileSystemSynchronizedRootGroup section */

/* Begin PBXFrameworksBuildPhase section */
		2952BE8F2EC1395900797168 /* Frameworks */ = {
			isa = PBXFrameworksBuildPhase;
			buildActionMask = 2147483647;
			files = (
				31AA00012F90000100C6FEE0 /* Lottie in Frameworks */,
				29EE7CFA2F72FF5800C6FEE0 /* FirebaseDatabase in Frameworks */,
				29EE7CFC2F72FF5800C6FEE0 /* FirebaseFunctions in Frameworks */,
				29EE7CF02F72FF5800C6FEE0 /* FirebaseAnalytics in Frameworks */,
				29EE7CF82F72FF5800C6FEE0 /* FirebaseCore in Frameworks */,
				29EE7CF42F72FF5800C6FEE0 /* FirebaseAuth in Frameworks */,
				29EE7D032F72FFF900C6FEE0 /* GoogleSignIn in Frameworks */,
				29EE7CFE2F72FF5800C6FEE0 /* FirebaseStorage in Frameworks */,
				29EE7CF22F72FF5800C6FEE0 /* FirebaseAnalyticsCore in Frameworks */,
				29EE7D002F72FF5800C6FEE0 /* FirebaseStorageCombine-Community in Frameworks */,
				29EE7CF62F72FF5800C6FEE0 /* FirebaseAuthCombine-Community in Frameworks */,
				29EE7D052F72FFF900C6FEE0 /* GoogleSignInSwift in Frameworks */,
			);
			runOnlyForDeploymentPostprocessing = 0;
		};
/* End PBXFrameworksBuildPhase section */

/* Begin PBXGroup section */
		2952BE892EC1395900797168 = {
			isa = PBXGroup;
			children = (
				2952BE942EC1395900797168 /* Envision */,
				2952BE932EC1395900797168 /* Products */,
			);
			sourceTree = "<group>";
		};
		2952BE932EC1395900797168 /* Products */ = {
			isa = PBXGroup;
			children = (
				2952BE922EC1395900797168 /* Envision.app */,
			);
			name = Products;
			sourceTree = "<group>";
		};
/* End PBXGroup section */

/* Begin PBXNativeTarget section */
		2952BE912EC1395900797168 /* Envision */ = {
			isa = PBXNativeTarget;
			buildConfigurationList = 2952BEA52EC1395B00797168 /* Build configuration list for PBXNativeTarget "Envision" */;
			buildPhases = (
				2952BE8E2EC1395900797168 /* Sources */,
				2952BE8F2EC1395900797168 /* Frameworks */,
				2952BE902EC1395900797168 /* Resources */,
			);
			buildRules = (
			);
			dependencies = (
			);
			fileSystemSynchronizedGroups = (
				2952BE942EC1395900797168 /* Envision */,
			);
			name = Envision;
			packageProductDependencies = (
				31AA00032F90000100C6FEE0 /* Lottie */,
				29EE7CEF2F72FF5800C6FEE0 /* FirebaseAnalytics */,
				29EE7CF12F72FF5800C6FEE0 /* FirebaseAnalyticsCore */,
				29EE7CF32F72FF5800C6FEE0 /* FirebaseAuth */,
				29EE7CF52F72FF5800C6FEE0 /* FirebaseAuthCombine-Community */,
				29EE7CF72F72FF5800C6FEE0 /* FirebaseCore */,
				29EE7CF92F72FF5800C6FEE0 /* FirebaseDatabase */,
				29EE7CFB2F72FF5800C6FEE0 /* FirebaseFunctions */,
				29EE7CFD2F72FF5800C6FEE0 /* FirebaseStorage */,
				29EE7CFF2F72FF5800C6FEE0 /* FirebaseStorageCombine-Community */,
				29EE7D022F72FFF900C6FEE0 /* GoogleSignIn */,
				29EE7D042F72FFF900C6FEE0 /* GoogleSignInSwift */,
			);
			productName = Envision;
			productReference = 2952BE922EC1395900797168 /* Envision.app */;
			productType = "com.apple.product-type.application";
		};
/* End PBXNativeTarget section */

/* Begin PBXProject section */
		2952BE8A2EC1395900797168 /* Project object */ = {
			isa = PBXProject;
			attributes = {
				BuildIndependentTargetsInParallel = 1;
				LastSwiftUpdateCheck = 2610;
				LastUpgradeCheck = 2610;
				TargetAttributes = {
					2952BE912EC1395900797168 = {
						CreatedOnToolsVersion = 26.1;
					};
				};
			};
			buildConfigurationList = 2952BE8D2EC1395900797168 /* Build configuration list for PBXProject "Envision" */;
			developmentRegion = en;
			hasScannedForEncodings = 0;
			knownRegions = (
				en,
				Base,
			);
			mainGroup = 2952BE892EC1395900797168;
			minimizedProjectReferenceProxies = 1;
			packageReferences = (
				31AA00022F90000100C6FEE0 /* XCRemoteSwiftPackageReference "lottie-spm" */,
				29EE7CEE2F72FF5800C6FEE0 /* XCRemoteSwiftPackageReference "firebase-ios-sdk" */,
				29EE7D012F72FFF900C6FEE0 /* XCRemoteSwiftPackageReference "GoogleSignIn-iOS" */,
			);
			preferredProjectObjectVersion = 77;
			productRefGroup = 2952BE932EC1395900797168 /* Products */;
			projectDirPath = "";
			projectRoot = "";
			targets = (
				2952BE912EC1395900797168 /* Envision */,
			);
		};
/* End PBXProject section */

/* Begin PBXResourcesBuildPhase section */
		2952BE902EC1395900797168 /* Resources */ = {
			isa = PBXResourcesBuildPhase;
			buildActionMask = 2147483647;
			files = (
			);
			runOnlyForDeploymentPostprocessing = 0;
		};
/* End PBXResourcesBuildPhase section */

/* Begin PBXSourcesBuildPhase section */
		2952BE8E2EC1395900797168 /* Sources */ = {
			isa = PBXSourcesBuildPhase;
			buildActionMask = 2147483647;
			files = (
			);
			runOnlyForDeploymentPostprocessing = 0;
		};
/* End PBXSourcesBuildPhase section */

/* Begin XCBuildConfiguration section */
		2952BEA62EC1395B00797168 /* Debug */ = {
			isa = XCBuildConfiguration;
			buildSettings = {
				ASSETCATALOG_COMPILER_APPICON_NAME = AppIcon;
				ASSETCATALOG_COMPILER_GLOBAL_ACCENT_COLOR_NAME = AccentColor;
				CODE_SIGN_STYLE = Automatic;
				CURRENT_PROJECT_VERSION = 1;
				DEVELOPMENT_TEAM = K75YG36RDS;
				GENERATE_INFOPLIST_FILE = YES;
				INFOPLIST_FILE = Envision/Info.plist;
				INFOPLIST_KEY_LSApplicationCategoryType = "public.app-category.utilities";
				INFOPLIST_KEY_LSSupportsOpeningDocumentsInPlace = YES;
				INFOPLIST_KEY_NSCameraUsageDescription = "EnVision uses the camera to scan rooms and capture furniture for 3D/AR visualization.";
				INFOPLIST_KEY_NSPhotoLibraryUsageDescription = "EnVision uses your photo library to import reference photos and save generated previews.";
				INFOPLIST_KEY_UIApplicationSupportsIndirectInputEvents = YES;
				INFOPLIST_KEY_UILaunchStoryboardName = LaunchScreen;
				INFOPLIST_KEY_UISupportedInterfaceOrientations_iPad = "UIInterfaceOrientationPortrait UIInterfaceOrientationPortraitUpsideDown UIInterfaceOrientationLandscapeLeft UIInterfaceOrientationLandscapeRight";
				INFOPLIST_KEY_UISupportedInterfaceOrientations_iPhone = "UIInterfaceOrientationPortrait UIInterfaceOrientationLandscapeLeft UIInterfaceOrientationLandscapeRight";
				IPHONEOS_DEPLOYMENT_TARGET = 26.0;
				LD_RUNPATH_SEARCH_PATHS = (
					"$(inherited)",
					"@executable_path/Frameworks",
				);
				MARKETING_VERSION = 25.0.0;
				PRODUCT_BUNDLE_IDENTIFIER = com.srmist.envisionit;
				PRODUCT_NAME = "$(TARGET_NAME)";
				STRING_CATALOG_GENERATE_SYMBOLS = YES;
				SWIFT_APPROACHABLE_CONCURRENCY = YES;
				SWIFT_DEFAULT_ACTOR_ISOLATION = MainActor;
				SWIFT_EMIT_LOC_STRINGS = YES;
				SWIFT_UPCOMING_FEATURE_MEMBER_IMPORT_VISIBILITY = YES;
				SWIFT_VERSION = 5.0;
				TARGETED_DEVICE_FAMILY = "1,2";
			};
			name = Debug;
		};
		2952BEA72EC1395B00797168 /* Release */ = {
			isa = XCBuildConfiguration;
			buildSettings = {
				ASSETCATALOG_COMPILER_APPICON_NAME = AppIcon;
				ASSETCATALOG_COMPILER_GLOBAL_ACCENT_COLOR_NAME = AccentColor;
				CODE_SIGN_STYLE = Automatic;
				CURRENT_PROJECT_VERSION = 1;
				DEVELOPMENT_TEAM = K75YG36RDS;
				GENERATE_INFOPLIST_FILE = YES;
				INFOPLIST_FILE = Envision/Info.plist;
				INFOPLIST_KEY_LSApplicationCategoryType = "public.app-category.utilities";
				INFOPLIST_KEY_LSSupportsOpeningDocumentsInPlace = YES;
				INFOPLIST_KEY_NSCameraUsageDescription = "EnVision uses the camera to scan rooms and capture furniture for 3D/AR visualization.";
				INFOPLIST_KEY_NSPhotoLibraryUsageDescription = "EnVision uses your photo library to import reference photos and save generated previews.";
				INFOPLIST_KEY_UIApplicationSupportsIndirectInputEvents = YES;
				INFOPLIST_KEY_UILaunchStoryboardName = LaunchScreen;
				INFOPLIST_KEY_UISupportedInterfaceOrientations_iPad = "UIInterfaceOrientationPortrait UIInterfaceOrientationPortraitUpsideDown UIInterfaceOrientationLandscapeLeft UIInterfaceOrientationLandscapeRight";
				INFOPLIST_KEY_UISupportedInterfaceOrientations_iPhone = "UIInterfaceOrientationPortrait UIInterfaceOrientationLandscapeLeft UIInterfaceOrientationLandscapeRight";
				IPHONEOS_DEPLOYMENT_TARGET = 26.0;
				LD_RUNPATH_SEARCH_PATHS = (
					"$(inherited)",
					"@executable_path/Frameworks",
				);
				MARKETING_VERSION = 25.0.0;
				PRODUCT_BUNDLE_IDENTIFIER = com.srmist.envisionit;
				PRODUCT_NAME = "$(TARGET_NAME)";
				STRING_CATALOG_GENERATE_SYMBOLS = YES;
				SWIFT_APPROACHABLE_CONCURRENCY = YES;
				SWIFT_DEFAULT_ACTOR_ISOLATION = MainActor;
				SWIFT_EMIT_LOC_STRINGS = YES;
				SWIFT_UPCOMING_FEATURE_MEMBER_IMPORT_VISIBILITY = YES;
				SWIFT_VERSION = 5.0;
				TARGETED_DEVICE_FAMILY = "1,2";
			};
			name = Release;
		};
		2952BEA82EC1395B00797168 /* Debug */ = {
			isa = XCBuildConfiguration;
			buildSettings = {
				ALWAYS_SEARCH_USER_PATHS = NO;
				ASSETCATALOG_COMPILER_GENERATE_SWIFT_ASSET_SYMBOL_EXTENSIONS = YES;
				CLANG_ANALYZER_NONNULL = YES;
				CLANG_ANALYZER_NUMBER_OBJECT_CONVERSION = YES_AGGRESSIVE;
				CLANG_CXX_LANGUAGE_STANDARD = "gnu++20";
				CLANG_ENABLE_MODULES = YES;
				CLANG_ENABLE_OBJC_ARC = YES;
				CLANG_ENABLE_OBJC_WEAK = YES;
				CLANG_WARN_BLOCK_CAPTURE_AUTORELEASING = YES;
				CLANG_WARN_BOOL_CONVERSION = YES;
				CLANG_WARN_COMMA = YES;
				CLANG_WARN_CONSTANT_CONVERSION = YES;
				CLANG_WARN_DEPRECATED_OBJC_IMPLEMENTATIONS = YES;
				CLANG_WARN_DIRECT_OBJC_ISA_USAGE = YES_ERROR;
				CLANG_WARN_DOCUMENTATION_COMMENTS = YES;
				CLANG_WARN_EMPTY_BODY = YES;
				CLANG_WARN_ENUM_CONVERSION = YES;
				CLANG_WARN_INFINITE_RECURSION = YES;
				CLANG_WARN_INT_CONVERSION = YES;
				CLANG_WARN_NON_LITERAL_NULL_CONVERSION = YES;
				CLANG_WARN_OBJC_IMPLICIT_RETAIN_SELF = YES;
				CLANG_WARN_OBJC_LITERAL_CONVERSION = YES;
				CLANG_WARN_OBJC_ROOT_CLASS = YES_ERROR;
				CLANG_WARN_QUOTED_INCLUDE_IN_FRAMEWORK_HEADER = YES;
				CLANG_WARN_RANGE_LOOP_ANALYSIS = YES;
				CLANG_WARN_STRICT_PROTOTYPES = YES;
				CLANG_WARN_SUSPICIOUS_MOVE = YES;
				CLANG_WARN_UNGUARDED_AVAILABILITY = YES_AGGRESSIVE;
				CLANG_WARN_UNREACHABLE_CODE = YES;
				CLANG_WARN__DUPLICATE_METHOD_MATCH = YES;
				COPY_PHASE_STRIP = NO;
				DEBUG_INFORMATION_FORMAT = dwarf;
				ENABLE_STRICT_OBJC_MSGSEND = YES;
				ENABLE_TESTABILITY = YES;
				ENABLE_USER_SCRIPT_SANDBOXING = YES;
				GCC_C_LANGUAGE_STANDARD = gnu17;
				GCC_DYNAMIC_NO_PIC = NO;
				GCC_NO_COMMON_BLOCKS = YES;
				GCC_OPTIMIZATION_LEVEL = 0;
				GCC_PREPROCESSOR_DEFINITIONS = (
					"DEBUG=1",
					"$(inherited)",
				);
				GCC_WARN_64_TO_32_BIT_CONVERSION = YES;
				GCC_WARN_ABOUT_RETURN_TYPE = YES_ERROR;
				GCC_WARN_UNDECLARED_SELECTOR = YES;
				GCC_WARN_UNINITIALIZED_AUTOS = YES_AGGRESSIVE;
				GCC_WARN_UNUSED_FUNCTION = YES;
				GCC_WARN_UNUSED_VARIABLE = YES;
				IPHONEOS_DEPLOYMENT_TARGET = 26.1;
				LOCALIZATION_PREFERS_STRING_CATALOGS = YES;
				MTL_ENABLE_DEBUG_INFO = INCLUDE_SOURCE;
				MTL_FAST_MATH = YES;
				ONLY_ACTIVE_ARCH = YES;
				SDKROOT = iphoneos;
				SWIFT_ACTIVE_COMPILATION_CONDITIONS = "DEBUG $(inherited)";
				SWIFT_OPTIMIZATION_LEVEL = "-Onone";
			};
			name = Debug;
		};
		2952BEA92EC1395B00797168 /* Release */ = {
			isa = XCBuildConfiguration;
			buildSettings = {
				ALWAYS_SEARCH_USER_PATHS = NO;
				ASSETCATALOG_COMPILER_GENERATE_SWIFT_ASSET_SYMBOL_EXTENSIONS = YES;
				CLANG_ANALYZER_NONNULL = YES;
				CLANG_ANALYZER_NUMBER_OBJECT_CONVERSION = YES_AGGRESSIVE;
				CLANG_CXX_LANGUAGE_STANDARD = "gnu++20";
				CLANG_ENABLE_MODULES = YES;
				CLANG_ENABLE_OBJC_ARC = YES;
				CLANG_ENABLE_OBJC_WEAK = YES;
				CLANG_WARN_BLOCK_CAPTURE_AUTORELEASING = YES;
				CLANG_WARN_BOOL_CONVERSION = YES;
				CLANG_WARN_COMMA = YES;
				CLANG_WARN_CONSTANT_CONVERSION = YES;
				CLANG_WARN_DEPRECATED_OBJC_IMPLEMENTATIONS = YES;
				CLANG_WARN_DIRECT_OBJC_ISA_USAGE = YES_ERROR;
				CLANG_WARN_DOCUMENTATION_COMMENTS = YES;
				CLANG_WARN_EMPTY_BODY = YES;
				CLANG_WARN_ENUM_CONVERSION = YES;
				CLANG_WARN_INFINITE_RECURSION = YES;
				CLANG_WARN_INT_CONVERSION = YES;
				CLANG_WARN_NON_LITERAL_NULL_CONVERSION = YES;
				CLANG_WARN_OBJC_IMPLICIT_RETAIN_SELF = YES;
				CLANG_WARN_OBJC_LITERAL_CONVERSION = YES;
				CLANG_WARN_OBJC_ROOT_CLASS = YES_ERROR;
				CLANG_WARN_QUOTED_INCLUDE_IN_FRAMEWORK_HEADER = YES;
				CLANG_WARN_RANGE_LOOP_ANALYSIS = YES;
				CLANG_WARN_STRICT_PROTOTYPES = YES;
				CLANG_WARN_SUSPICIOUS_MOVE = YES;
				CLANG_WARN_UNGUARDED_AVAILABILITY = YES_AGGRESSIVE;
				CLANG_WARN_UNREACHABLE_CODE = YES;
				CLANG_WARN__DUPLICATE_METHOD_MATCH = YES;
				COPY_PHASE_STRIP = NO;
				DEBUG_INFORMATION_FORMAT = "dwarf-with-dsym";
				ENABLE_NS_ASSERTIONS = NO;
				ENABLE_STRICT_OBJC_MSGSEND = YES;
				ENABLE_USER_SCRIPT_SANDBOXING = YES;
				GCC_C_LANGUAGE_STANDARD = gnu17;
				GCC_NO_COMMON_BLOCKS = YES;
				GCC_WARN_64_TO_32_BIT_CONVERSION = YES;
				GCC_WARN_ABOUT_RETURN_TYPE = YES_ERROR;
				GCC_WARN_UNDECLARED_SELECTOR = YES;
				GCC_WARN_UNINITIALIZED_AUTOS = YES_AGGRESSIVE;
				GCC_WARN_UNUSED_FUNCTION = YES;
				GCC_WARN_UNUSED_VARIABLE = YES;
				IPHONEOS_DEPLOYMENT_TARGET = 26.1;
				LOCALIZATION_PREFERS_STRING_CATALOGS = YES;
				MTL_ENABLE_DEBUG_INFO = NO;
				MTL_FAST_MATH = YES;
				SDKROOT = iphoneos;
				SWIFT_COMPILATION_MODE = wholemodule;
				VALIDATE_PRODUCT = YES;
			};
			name = Release;
		};
/* End XCBuildConfiguration section */

/* Begin XCConfigurationList section */
		2952BE8D2EC1395900797168 /* Build configuration list for PBXProject "Envision" */ = {
			isa = XCConfigurationList;
			buildConfigurations = (
				2952BEA82EC1395B00797168 /* Debug */,
				2952BEA92EC1395B00797168 /* Release */,
			);
			defaultConfigurationIsVisible = 0;
			defaultConfigurationName = Release;
		};
		2952BEA52EC1395B00797168 /* Build configuration list for PBXNativeTarget "Envision" */ = {
			isa = XCConfigurationList;
			buildConfigurations = (
				2952BEA62EC1395B00797168 /* Debug */,
				2952BEA72EC1395B00797168 /* Release */,
			);
			defaultConfigurationIsVisible = 0;
			defaultConfigurationName = Release;
		};
/* End XCConfigurationList section */

/* Begin XCRemoteSwiftPackageReference section */
		29EE7CEE2F72FF5800C6FEE0 /* XCRemoteSwiftPackageReference "firebase-ios-sdk" */ = {
			isa = XCRemoteSwiftPackageReference;
			repositoryURL = "https://github.com/firebase/firebase-ios-sdk";
			requirement = {
				kind = upToNextMajorVersion;
				minimumVersion = 12.11.0;
			};
		};
		29EE7D012F72FFF900C6FEE0 /* XCRemoteSwiftPackageReference "GoogleSignIn-iOS" */ = {
			isa = XCRemoteSwiftPackageReference;
			repositoryURL = "https://github.com/google/GoogleSignIn-iOS";
			requirement = {
				kind = upToNextMajorVersion;
				minimumVersion = 9.1.0;
			};
		};
		31AA00022F90000100C6FEE0 /* XCRemoteSwiftPackageReference "lottie-spm" */ = {
			isa = XCRemoteSwiftPackageReference;
			repositoryURL = "https://github.com/airbnb/lottie-spm";
			requirement = {
				kind = upToNextMajorVersion;
				minimumVersion = 4.5.0;
			};
		};
/* End XCRemoteSwiftPackageReference section */

/* Begin XCSwiftPackageProductDependency section */
		29EE7CEF2F72FF5800C6FEE0 /* FirebaseAnalytics */ = {
			isa = XCSwiftPackageProductDependency;
			package = 29EE7CEE2F72FF5800C6FEE0 /* XCRemoteSwiftPackageReference "firebase-ios-sdk" */;
			productName = FirebaseAnalytics;
		};
		29EE7CF12F72FF5800C6FEE0 /* FirebaseAnalyticsCore */ = {
			isa = XCSwiftPackageProductDependency;
			package = 29EE7CEE2F72FF5800C6FEE0 /* XCRemoteSwiftPackageReference "firebase-ios-sdk" */;
			productName = FirebaseAnalyticsCore;
		};
		29EE7CF32F72FF5800C6FEE0 /* FirebaseAuth */ = {
			isa = XCSwiftPackageProductDependency;
			package = 29EE7CEE2F72FF5800C6FEE0 /* XCRemoteSwiftPackageReference "firebase-ios-sdk" */;
			productName = FirebaseAuth;
		};
		29EE7CF52F72FF5800C6FEE0 /* FirebaseAuthCombine-Community */ = {
			isa = XCSwiftPackageProductDependency;
			package = 29EE7CEE2F72FF5800C6FEE0 /* XCRemoteSwiftPackageReference "firebase-ios-sdk" */;
			productName = "FirebaseAuthCombine-Community";
		};
		29EE7CF72F72FF5800C6FEE0 /* FirebaseCore */ = {
			isa = XCSwiftPackageProductDependency;
			package = 29EE7CEE2F72FF5800C6FEE0 /* XCRemoteSwiftPackageReference "firebase-ios-sdk" */;
			productName = FirebaseCore;
		};
		29EE7CF92F72FF5800C6FEE0 /* FirebaseDatabase */ = {
			isa = XCSwiftPackageProductDependency;
			package = 29EE7CEE2F72FF5800C6FEE0 /* XCRemoteSwiftPackageReference "firebase-ios-sdk" */;
			productName = FirebaseDatabase;
		};
		29EE7CFB2F72FF5800C6FEE0 /* FirebaseFunctions */ = {
			isa = XCSwiftPackageProductDependency;
			package = 29EE7CEE2F72FF5800C6FEE0 /* XCRemoteSwiftPackageReference "firebase-ios-sdk" */;
			productName = FirebaseFunctions;
		};
		29EE7CFD2F72FF5800C6FEE0 /* FirebaseStorage */ = {
			isa = XCSwiftPackageProductDependency;
			package = 29EE7CEE2F72FF5800C6FEE0 /* XCRemoteSwiftPackageReference "firebase-ios-sdk" */;
			productName = FirebaseStorage;
		};
		29EE7CFF2F72FF5800C6FEE0 /* FirebaseStorageCombine-Community */ = {
			isa = XCSwiftPackageProductDependency;
			package = 29EE7CEE2F72FF5800C6FEE0 /* XCRemoteSwiftPackageReference "firebase-ios-sdk" */;
			productName = "FirebaseStorageCombine-Community";
		};
		29EE7D022F72FFF900C6FEE0 /* GoogleSignIn */ = {
			isa = XCSwiftPackageProductDependency;
			package = 29EE7D012F72FFF900C6FEE0 /* XCRemoteSwiftPackageReference "GoogleSignIn-iOS" */;
			productName = GoogleSignIn;
		};
		29EE7D042F72FFF900C6FEE0 /* GoogleSignInSwift */ = {
			isa = XCSwiftPackageProductDependency;
			package = 29EE7D012F72FFF900C6FEE0 /* XCRemoteSwiftPackageReference "GoogleSignIn-iOS" */;
			productName = GoogleSignInSwift;
		};
		31AA00032F90000100C6FEE0 /* Lottie */ = {
			isa = XCSwiftPackageProductDependency;
			package = 31AA00022F90000100C6FEE0 /* XCRemoteSwiftPackageReference "lottie-spm" */;
			productName = Lottie;
		};
/* End XCSwiftPackageProductDependency section */
	};
	rootObject = 2952BE8A2EC1395900797168 /* Project object */;
}
